
Microsoft Visual Studio Solution File, Format Version 12.00
# Visual Studio Version 17
VisualStudioVersion = 17.14.36212.18
MinimumVisualStudioVersion = 10.0.40219.1
Project("{FAE04EC0-301F-11D3-BF4B-00C04F79EFBC}") = "Day 1", "Advent of code 2025\Day 1.csproj", "{9183AADA-830C-4162-B606-FF670243D7EE}"
EndProject
Project("{FAE04EC0-301F-11D3-BF4B-00C04F79EFBC}") = "Day 3", "Day 3\Day 3.csproj", "{0675B54A-B039-41C1-B81B-0A7D49968006}"
EndProject
Project("{FAE04EC0-301F-11D3-BF4B-00C04F79EFBC}") = "Day 2 - part 1", "Day 2\Day 2 - part 1.csproj", "{7CFBF531-558F-4D1E-B1C0-B48B05DF4675}"
EndProject
Project("{FAE04EC0-301F-11D3-BF4B-00C04F79EFBC}") = "Day 1 part 2", "Day 1 part 2\Day 1 part 2.csproj", "{F0CE4044-67AE-4945-9DBC-2DA45CBE045F}"
EndProject
Project("{FAE04EC0-301F-11D3-BF4B-00C04F79EFBC}") = "Day10", "Day10\Day10.csproj", "{FA83E7D8-E5B4-49D3-95BE-1B9C0BA8AAD9}"
EndProject
Project("{FAE04EC0-301F-11D3-BF4B-00C04F79EFBC}") = "Day 9", "Day 9\Day 9.csproj", "{9D7E466A-A1B0-46EF-9AD8-938E9F49126A}"
EndProject
Project("{FAE04EC0-301F-11D3-BF4B-00C04F79EFBC}") = "Day 5", "Day 5\Day 5.csproj", "{D8011F8C-3C8B-48E4-9D0F-A1F75F0309CD}"
EndProject
Project("{FAE04EC0-301F-11D3-BF4B-00C04F79EFBC}") = "Day 6", "Day 6\Day 6.csproj", "{90A12066-2E01-49AC-89F1-4DCDB19ADE7C}"
EndProject
Global
	GlobalSection(SolutionConfigurationPlatforms) = preSolution
		Debug|Any CPU = Debug|Any CPU
		Release|Any CPU = Release|Any CPU
	EndGlobalSection
	GlobalSection(ProjectConfigurationPlatforms) = postSolution
		{9183AADA-830C-4162-B606-FF670243D7EE}.Debug|Any CPU.ActiveCfg = Debug|Any CPU
		{9183AADA-830C-4162-B606-FF670243D7EE}.Debug|Any CPU.Build.0 = Debug|Any CPU
		{9183AADA-830C-4162-B606-FF670243D7EE}.Release|Any CPU.ActiveCfg = Release|Any CPU
		{9183AADA-830C-4162-B606-FF670243D7EE}.Release|Any CPU.Build.0 = Release|Any CPU
		{0675B54A-B039-41C1-B81B-0A7D49968006}.Debug|Any CPU.ActiveCfg = Debug|Any CPU
		{0675B54A-B039-41C1-B81B-0A7D49968006}.Debug|Any CPU.Build.0 = Debug|Any CPU
		{0675B54A-B039-41C1-B81B-0A7D49968006}.Release|Any CPU.ActiveCfg = Release|Any CPU
		{0675B54A-B039-41C1-B81B-0A7D49968006}.Release|Any CPU.Build.0 = Release|Any CPU
		{7CFBF531-558F-4D1E-B1C0-B48B05DF4675}.Debug|Any CPU.ActiveCfg = Debug|Any CPU
		{7CFBF531-558F-4D1E-B1C0-B48B05DF4675}.Debug|Any CPU.Build.0 = Debug|Any CPU
		{7CFBF531-558F-4D1E-B1C0-B48B05DF4675}.Release|Any CPU.ActiveCfg = Release|Any CPU
		{7CFBF531-558F-4D1E-B1C0-B48B05DF4675}.Release|Any CPU.Build.0 = Release|Any CPU
		{F0CE4044-67AE-4945-9DBC-2DA45CBE045F}.Debug|Any CPU.ActiveCfg = Debug|Any CPU
		{F0CE4044-67AE-4945-9DBC-2DA45CBE045F}.Debug|Any CPU.Build.0 = Debug|Any CPU
		{F0CE4044-67AE-4945-9DBC-2DA45CBE045F}.Release|Any CPU.ActiveCfg = Release|Any CPU
		{F0CE4044-67AE-4945-9DBC-2DA45CBE045F}.Release|Any CPU.Build.0 = Release|Any CPU
		{FA83E7D8-E5B4-49D3-95BE-1B9C0BA8AAD9}.Debug|Any CPU.ActiveCfg = Debug|Any CPU
		{FA83E7D8-E5B4-49D3-95BE-1B9C0BA8AAD9}.Debug|Any CPU.Build.0 = Debug|Any CPU
		{FA83E7D8-E5B4-49D3-95BE-1B9C0BA8AAD9}.Release|Any CPU.ActiveCfg = Release|Any CPU
		{FA83E7D8-E5B4-49D3-95BE-1B9C0BA8AAD9}.Release|Any CPU.Build.0 = Release|Any CPU
		{9D7E466A-A1B0-46EF-9AD8-938E9F49126A}.Debug|Any CPU.ActiveCfg = Debug|Any CPU
		{9D7E466A-A1B0-46EF-9AD8-938E9F49126A}.Debug|Any CPU.Build.0 = Debug|Any CPU
		{9D7E466A-A1B0-46EF-9AD8-938E9F49126A}.Release|Any CPU.ActiveCfg = Release|Any CPU
		{9D7E466A-A1B0-46EF-9AD8-938E9F49126A}.Release|Any CPU.Build.0 = Release|Any CPU
		{D8011F8C-3C8B-48E4-9D0F-A1F75F0309CD}.Debug|Any CPU.ActiveCfg = Debug|Any CPU
		{D8011F8C-3C8B-48E4-9D0F-A1F75F0309CD}.Debug|Any CPU.Build.0 = Debug|Any CPU
		{D8011F8C-3C8B-48E4-9D0F-A1F75F0309CD}.Release|Any CPU.ActiveCfg = Release|Any CPU
		{D8011F8C-3C8B-48E4-9D0F-A1F75F0309CD}.Release|Any CPU.Build.0 = Release|Any CPU
		{90A12066-2E01-49AC-89F1-4DCDB19ADE7C}.Debug|Any CPU.ActiveCfg = Debug|Any CPU
		{90A12066-2E01-49AC-89F1-4DCDB19ADE7C}.Debug|Any CPU.Build.0 = Debug|Any CPU
		{90A12066-2E01-49AC-89F1-4DCDB19ADE7C}.Release|Any CPU.ActiveCfg = Release|Any CPU
		{90A12066-2E01-49AC-89F1-4DCDB19ADE7C}.Release|Any CPU.Build.0 = Release|Any CPU
	EndGlobalSection
	GlobalSection(SolutionProperties) = preSolution
		HideSolutionNode = FALSE
	EndGlobalSection
	GlobalSection(ExtensibilityGlobals) = postSolution
		SolutionGuid = {C5F4B5AF-24E1-4FCC-84C0-642C21FC9F22}
	EndGlobalSection
EndGlobal
